// !$*UTF8*$!
{
	archiveVersion = 1;
	classes = {
	};
	objectVersion = 46;
	objects = {

/* Begin PBXBuildFile section */
		2F54FAEE1C449167005AF0DB /* main.m in Sources */ = {isa = PBXBuildFile; fileRef = 2F54FAED1C449167005AF0DB /* main.m */; };
		2F54FAF11C449167005AF0DB /* AppDelegate.m in Sources */ = {isa = PBXBuildFile; fileRef = 2F54FAF01C449167005AF0DB /* AppDelegate.m */; };
		2F54FAF41C449167005AF0DB /* ViewController.m in Sources */ = {isa = PBXBuildFile; fileRef = 2F54FAF31C449167005AF0DB /* ViewController.m */; };
		2F54FAF71C449167005AF0DB /* Main.storyboard in Resources */ = {isa = PBXBuildFile; fileRef = 2F54FAF51C449167005AF0DB /* Main.storyboard */; };
		2F54FAF91C449168005AF0DB /* Images.xcassets in Resources */ = {isa = PBXBuildFile; fileRef = 2F54FAF81C449168005AF0DB /* Images.xcassets */; };
		2F54FAFC1C449168005AF0DB /* LaunchScreen.xib in Resources */ = {isa = PBXBuildFile; fileRef = 2F54FAFA1C449168005AF0DB /* LaunchScreen.xib */; };
		2F54FB081C449168005AF0DB /* pebble_tutorial1Tests.m in Sources */ = {isa = PBXBuildFile; fileRef = 2F54FB071C449168005AF0DB /* pebble_tutorial1Tests.m */; };
/* End PBXBuildFile section */

/* Begin PBXContainerItemProxy section */
		2F54FB021C449168005AF0DB /* PBXContainerItemProxy */ = {
			isa = PBXContainerItemProxy;
			containerPortal = 2F54FAE01C449167005AF0DB /* Project object */;
			proxyType = 1;
			remoteGlobalIDString = 2F54FAE71C449167005AF0DB;
			remoteInfo = "pebble-tutorial1";
		};
/* End PBXContainerItemProxy section */

/* Begin PBXFileReference section */
		2F54FAE81C449167005AF0DB /* pebble-tutorial1.app */ = {isa = PBXFileReference; explicitFileType = wrapper.application; includeInIndex = 0; path = "pebble-tutorial1.app"; sourceTree = BUILT_PRODUCTS_DIR; };
		2F54FAEC1C449167005AF0DB /* Info.plist */ = {isa = PBXFileReference; lastKnownFileType = text.plist.xml; path = Info.plist; sourceTree = "<group>"; };
		2F54FAED1C449167005AF0DB /* main.m */ = {isa = PBXFileReference; lastKnownFileType = sourcecode.c.objc; path = main.m; sourceTree = "<group>"; };
		2F54FAEF1C449167005AF0DB /* AppDelegate.h */ = {isa = PBXFileReference; lastKnownFileType = sourcecode.c.h; path = AppDelegate.h; sourceTree = "<group>"; };
		2F54FAF01C449167005AF0DB /* AppDelegate.m */ = {isa = PBXFileReference; lastKnownFileType = sourcecode.c.objc; path = AppDelegate.m; sourceTree = "<group>"; };
		2F54FAF21C449167005AF0DB /* ViewController.h */ = {isa = PBXFileReference; lastKnownFileType = sourcecode.c.h; path = ViewController.h; sourceTree = "<group>"; };
		2F54FAF31C449167005AF0DB /* ViewController.m */ = {isa = PBXFileReference; lastKnownFileType = sourcecode.c.objc; path = ViewController.m; sourceTree = "<group>"; };
		2F54FAF61C449167005AF0DB /* Base */ = {isa = PBXFileReference; lastKnownFileType = file.storyboard; name = Base; path = Base.lproj/Main.storyboard; sourceTree = "<group>"; };
		2F54FAF81C449168005AF0DB /* Images.xcassets */ = {isa = PBXFileReference; lastKnownFileType = folder.assetcatalog; path = Images.xcassets; sourceTree = "<group>"; };
		2F54FAFB1C449168005AF0DB /* Base */ = {isa = PBXFileReference; lastKnownFileType = file.xib; name = Base; path = Base.lproj/LaunchScreen.xib; sourceTree = "<group>"; };
		2F54FB011C449168005AF0DB /* pebble-tutorial1Tests.xctest */ = {isa = PBXFileReference; explicitFileType = wrapper.cfbundle; includeInIndex = 0; path = "pebble-tutorial1Tests.xctest"; sourceTree = BUILT_PRODUCTS_DIR; };
		2F54FB061C449168005AF0DB /* Info.plist */ = {isa = PBXFileReference; lastKnownFileType = text.plist.xml; path = Info.plist; sourceTree = "<group>"; };
		2F54FB071C449168005AF0DB /* pebble_tutorial1Tests.m */ = {isa = PBXFileReference; lastKnownFileType = sourcecode.c.objc; path = pebble_tutorial1Tests.m; sourceTree = "<group>"; };
/* End PBXFileReference section */

/* Begin PBXFrameworksBuildPhase section */
		2F54FAE51C449167005AF0DB /* Frameworks */ = {
			isa = PBXFrameworksBuildPhase;
			buildActionMask = 2147483647;
			files = (
			);
			runOnlyForDeploymentPostprocessing = 0;
		};
		2F54FAFE1C449168005AF0DB /* Frameworks */ = {
			isa = PBXFrameworksBuildPhase;
			buildActionMask = 2147483647;
			files = (
			);
			runOnlyForDeploymentPostprocessing = 0;
		};
/* End PBXFrameworksBuildPhase section */

/* Begin PBXGroup section */
		2F54FADF1C449167005AF0DB = {
			isa = PBXGroup;
			children = (
				2F54FAEA1C449167005AF0DB /* pebble-tutorial1 */,
				2F54FB041C449168005AF0DB /* pebble-tutorial1Tests */,
				2F54FAE91C449167005AF0DB /* Products */,
			);
			sourceTree = "<group>";
		};
		2F54FAE91C449167005AF0DB /* Products */ = {
			isa = PBXGroup;
			children = (
				2F54FAE81C449167005AF0DB /* pebble-tutorial1.app */,
				2F54FB011C449168005AF0DB /* pebble-tutorial1Tests.xctest */,
			);
			name = Products;
			sourceTree = "<group>";
		};
		2F54FAEA1C449167005AF0DB /* pebble-tutorial1 */ = {
			isa = PBXGroup;
			children = (
				2F54FAEF1C449167005AF0DB /* AppDelegate.h */,
				2F54FAF01C449167005AF0DB /* AppDelegate.m */,
				2F54FAF21C449167005AF0DB /* ViewController.h */,
				2F54FAF31C449167005AF0DB /* ViewController.m */,
				2F54FAF51C449167005AF0DB /* Main.storyboard */,
				2F54FAF81C449168005AF0DB /* Images.xcassets */,
				2F54FAFA1C449168005AF0DB /* LaunchScreen.xib */,
				2F54FAEB1C449167005AF0DB /* Supporting Files */,
			);
			path = "pebble-tutorial1";
			sourceTree = "<group>";
		};
		2F54FAEB1C449167005AF0DB /* Supporting Files */ = {
			isa = PBXGroup;
			children = (
				2F54FAEC1C449167005AF0DB /* Info.plist */,
				2F54FAED1C449167005AF0DB /* main.m */,
			);
			name = "Supporting Files";
			sourceTree = "<group>";
		};
		2F54FB041C449168005AF0DB /* pebble-tutorial1Tests */ = {
			isa = PBXGroup;
			children = (
				2F54FB071C449168005AF0DB /* pebble_tutorial1Tests.m */,
				2F54FB051C449168005AF0DB /* Supporting Files */,
			);
			path = "pebble-tutorial1Tests";
			sourceTree = "<group>";
		};
		2F54FB051C449168005AF0DB /* Supporting Files */ = {
			isa = PBXGroup;
			children = (
				2F54FB061C449168005AF0DB /* Info.plist */,
			);
			name = "Supporting Files";
			sourceTree = "<group>";
		};
/* End PBXGroup section */

/* Begin PBXNativeTarget section */
		2F54FAE71C449167005AF0DB /* pebble-tutorial1 */ = {
			isa = PBXNativeTarget;
			buildConfigurationList = 2F54FB0B1C449168005AF0DB /* Build configuration list for PBXNativeTarget "pebble-tutorial1" */;
			buildPhases = (
				2F54FAE41C449167005AF0DB /* Sources */,
				2F54FAE51C449167005AF0DB /* Frameworks */,
				2F54FAE61C449167005AF0DB /* Resources */,
			);
			buildRules = (
			);
			dependencies = (
			);
			name = "pebble-tutorial1";
			productName = "pebble-tutorial1";
			productReference = 2F54FAE81C449167005AF0DB /* pebble-tutorial1.app */;
			productType = "com.apple.product-type.application";
		};
		2F54FB001C449168005AF0DB /* pebble-tutorial1Tests */ = {
			isa = PBXNativeTarget;
			buildConfigurationList = 2F54FB0E1C449168005AF0DB /* Build configuration list for PBXNativeTarget "pebble-tutorial1Tests" */;
			buildPhases = (
				2F54FAFD1C449168005AF0DB /* Sources */,
				2F54FAFE1C449168005AF0DB /* Frameworks */,
				2F54FAFF1C449168005AF0DB /* Resources */,
			);
			buildRules = (
			);
			dependencies = (
				2F54FB031C449168005AF0DB /* PBXTargetDependency */,
			);
			name = "pebble-tutorial1Tests";
			productName = "pebble-tutorial1Tests";
			productReference = 2F54FB011C449168005AF0DB /* pebble-tutorial1Tests.xctest */;
			productType = "com.apple.product-type.bundle.unit-test";
		};
/* End PBXNativeTarget section */

/* Begin PBXProject section */
		2F54FAE01C449167005AF0DB /* Project object */ = {
			isa = PBXProject;
			attributes = {
				LastUpgradeCheck = 0640;
				ORGANIZATIONNAME = "Ross, Jason";
				TargetAttributes = {
					2F54FAE71C449167005AF0DB = {
						CreatedOnToolsVersion = 6.4;
					};
					2F54FB001C449168005AF0DB = {
						CreatedOnToolsVersion = 6.4;
						TestTargetID = 2F54FAE71C449167005AF0DB;
					};
				};
			};
			buildConfigurationList = 2F54FAE31C449167005AF0DB /* Build configuration list for PBXProject "pebble-tutorial1" */;
			compatibilityVersion = "Xcode 3.2";
			developmentRegion = English;
			hasScannedForEncodings = 0;
			knownRegions = (
				en,
				Base,
			);
			mainGroup = 2F54FADF1C449167005AF0DB;
			productRefGroup = 2F54FAE91C449167005AF0DB /* Products */;
			projectDirPath = "";
			projectRoot = "";
			targets = (
				2F54FAE71C449167005AF0DB /* pebble-tutorial1 */,
				2F54FB001C449168005AF0DB /* pebble-tutorial1Tests */,
			);
		};
/* End PBXProject section */

/* Begin PBXResourcesBuildPhase section */
		2F54FAE61C449167005AF0DB /* Resources */ = {
			isa = PBXResourcesBuildPhase;
			buildActionMask = 2147483647;
			files = (
				2F54FAF71C449167005AF0DB /* Main.storyboard in Resources */,
				2F54FAFC1C449168005AF0DB /* LaunchScreen.xib in Resources */,
				2F54FAF91C449168005AF0DB /* Images.xcassets in Resources */,
			);
			runOnlyForDeploymentPostprocessing = 0;
		};
		2F54FAFF1C449168005AF0DB /* Resources */ = {
			isa = PBXResourcesBuildPhase;
			buildActionMask = 2147483647;
			files = (
			);
			runOnlyForDeploymentPostprocessing = 0;
		};
/* End PBXResourcesBuildPhase section */

/* Begin PBXSourcesBuildPhase section */
		2F54FAE41C449167005AF0DB /* Sources */ = {
			isa = PBXSourcesBuildPhase;
			buildActionMask = 2147483647;
			files = (
				2F54FAF41C449167005AF0DB /* ViewController.m in Sources */,
				2F54FAF11C449167005AF0DB /* AppDelegate.m in Sources */,
				2F54FAEE1C449167005AF0DB /* main.m in Sources */,
			);
			runOnlyForDeploymentPostprocessing = 0;
		};
		2F54FAFD1C449168005AF0DB /* Sources */ = {
			isa = PBXSourcesBuildPhase;
			buildActionMask = 2147483647;
			files = (
				2F54FB081C449168005AF0DB /* pebble_tutorial1Tests.m in Sources */,
			);
			runOnlyForDeploymentPostprocessing = 0;
		};
/* End PBXSourcesBuildPhase section */

/* Begin PBXTargetDependency section */
		2F54FB031C449168005AF0DB /* PBXTargetDependency */ = {
			isa = PBXTargetDependency;
			target = 2F54FAE71C449167005AF0DB /* pebble-tutorial1 */;
			targetProxy = 2F54FB021C449168005AF0DB /* PBXContainerItemProxy */;
		};
/* End PBXTargetDependency section */

/* Begin PBXVariantGroup section */
		2F54FAF51C449167005AF0DB /* Main.storyboard */ = {
			isa = PBXVariantGroup;
			children = (
				2F54FAF61C449167005AF0DB /* Base */,
			);
			name = Main.storyboard;
			sourceTree = "<group>";
		};
		2F54FAFA1C449168005AF0DB /* LaunchScreen.xib */ = {
			isa = PBXVariantGroup;
			children = (
				2F54FAFB1C449168005AF0DB /* Base */,
			);
			name = LaunchScreen.xib;
			sourceTree = "<group>";
		};
/* End PBXVariantGroup section */

/* Begin XCBuildConfiguration section */
		2F54FB091C449168005AF0DB /* Debug */ = {
			isa = XCBuildConfiguration;
			buildSettings = {
				ALWAYS_SEARCH_USER_PATHS = NO;
				CLANG_CXX_LANGUAGE_STANDARD = "gnu++0x";
				CLANG_CXX_LIBRARY = "libc++";
				CLANG_ENABLE_MODULES = YES;
				CLANG_ENABLE_OBJC_ARC = YES;
				CLANG_WARN_BOOL_CONVERSION = YES;
				CLANG_WARN_CONSTANT_CONVERSION = YES;
				CLANG_WARN_DIRECT_OBJC_ISA_USAGE = YES_ERROR;
				CLANG_WARN_EMPTY_BODY = YES;
				CLANG_WARN_ENUM_CONVERSION = YES;
				CLANG_WARN_INT_CONVERSION = YES;
				CLANG_WARN_OBJC_ROOT_CLASS = YES_ERROR;
				CLANG_WARN_UNREACHABLE_CODE = YES;
				CLANG_WARN__DUPLICATE_METHOD_MATCH = YES;
				"CODE_SIGN_IDENTITY[sdk=iphoneos*]" = "iPhone Developer";
				COPY_PHASE_STRIP = NO;
				DEBUG_INFORMATION_FORMAT = "dwarf-with-dsym";
				ENABLE_STRICT_OBJC_MSGSEND = YES;
				GCC_C_LANGUAGE_STANDARD = gnu99;
				GCC_DYNAMIC_NO_PIC = NO;
				GCC_NO_COMMON_BLOCKS = YES;
				GCC_OPTIMIZATION_LEVEL = 0;
				GCC_PREPROCESSOR_DEFINITIONS = (
					"DEBUG=1",
					"$(inherited)",
				);
				GCC_SYMBOLS_PRIVATE_EXTERN = NO;
				GCC_WARN_64_TO_32_BIT_CONVERSION = YES;
				GCC_WARN_ABOUT_RETURN_TYPE = YES_ERROR;
				GCC_WARN_UNDECLARED_SELECTOR = YES;
				GCC_WARN_UNINITIALIZED_AUTOS = YES_AGGRESSIVE;
				GCC_WARN_UNUSED_FUNCTION = YES;
				GCC_WARN_UNUSED_VARIABLE = YES;
				IPHONEOS_DEPLOYMENT_TARGET = 8.4;
				MTL_ENABLE_DEBUG_INFO = YES;
				ONLY_ACTIVE_ARCH = YES;
				SDKROOT = iphoneos;
			};
			name = Debug;
		};
		2F54FB0A1C449168005AF0DB /* Release */ = {
			isa = XCBuildConfiguration;
			buildSettings = {
				ALWAYS_SEARCH_USER_PATHS = NO;
				CLANG_CXX_LANGUAGE_STANDARD = "gnu++0x";
				CLANG_CXX_LIBRARY = "libc++";
				CLANG_ENABLE_MODULES = YES;
				CLANG_ENABLE_OBJC_ARC = YES;
				CLANG_WARN_BOOL_CONVERSION = YES;
				CLANG_WARN_CONSTANT_CONVERSION = YES;
				CLANG_WARN_DIRECT_OBJC_ISA_USAGE = YES_ERROR;
				CLANG_WARN_EMPTY_BODY = YES;
				CLANG_WARN_ENUM_CONVERSION = YES;
				CLANG_WARN_INT_CONVERSION = YES;
				CLANG_WARN_OBJC_ROOT_CLASS = YES_ERROR;
				CLANG_WARN_UNREACHABLE_CODE = YES;
				CLANG_WARN__DUPLICATE_METHOD_MATCH = YES;
				"CODE_SIGN_IDENTITY[sdk=iphoneos*]" = "iPhone Developer";
				COPY_PHASE_STRIP = NO;
				DEBUG_INFORMATION_FORMAT = "dwarf-with-dsym";
				ENABLE_NS_ASSERTIONS = NO;
				ENABLE_STRICT_OBJC_MSGSEND = YES;
				GCC_C_LANGUAGE_STANDARD = gnu99;
				GCC_NO_COMMON_BLOCKS = YES;
				GCC_WARN_64_TO_32_BIT_CONVERSION = YES;
				GCC_WARN_ABOUT_RETURN_TYPE = YES_ERROR;
				GCC_WARN_UNDECLARED_SELECTOR = YES;
				GCC_WARN_UNINITIALIZED_AUTOS = YES_AGGRESSIVE;
				GCC_WARN_UNUSED_FUNCTION = YES;
				GCC_WARN_UNUSED_VARIABLE = YES;
				IPHONEOS_DEPLOYMENT_TARGET = 8.4;
				MTL_ENABLE_DEBUG_INFO = NO;
				SDKROOT = iphoneos;
				VALIDATE_PRODUCT = YES;
			};
			name = Release;
		};
		2F54FB0C1C449168005AF0DB /* Debug */ = {
			isa = XCBuildConfiguration;
			buildSettings = {
				ASSETCATALOG_COMPILER_APPICON_NAME = AppIcon;
				INFOPLIST_FILE = "pebble-tutorial1/Info.plist";
				LD_RUNPATH_SEARCH_PATHS = "$(inherited) @executable_path/Frameworks";
				PRODUCT_NAME = "$(TARGET_NAME)";
			};
			name = Debug;
		};
		2F54FB0D1C449168005AF0DB /* Release */ = {
			isa = XCBuildConfiguration;
			buildSettings = {
				ASSETCATALOG_COMPILER_APPICON_NAME = AppIcon;
				INFOPLIST_FILE = "pebble-tutorial1/Info.plist";
				LD_RUNPATH_SEARCH_PATHS = "$(inherited) @executable_path/Frameworks";
				PRODUCT_NAME = "$(TARGET_NAME)";
			};
			name = Release;
		};
		2F54FB0F1C449168005AF0DB /* Debug */ = {
			isa = XCBuildConfiguration;
			buildSettings = {
				BUNDLE_LOADER = "$(TEST_HOST)";
				FRAMEWORK_SEARCH_PATHS = (
					"$(SDKROOT)/Developer/Library/Frameworks",
					"$(inherited)",
				);
				GCC_PREPROCESSOR_DEFINITIONS = (
					"DEBUG=1",
					"$(inherited)",
				);
				INFOPLIST_FILE = "pebble-tutorial1Tests/Info.plist";
				LD_RUNPATH_SEARCH_PATHS = "$(inherited) @executable_path/Frameworks @loader_path/Frameworks";
				PRODUCT_NAME = "$(TARGET_NAME)";
				TEST_HOST = "$(BUILT_PRODUCTS_DIR)/pebble-tutorial1.app/pebble-tutorial1";
			};
			name = Debug;
		};
		2F54FB101C449168005AF0DB /* Release */ = {
			isa = XCBuildConfiguration;
			buildSettings = {
				BUNDLE_LOADER = "$(TEST_HOST)";
				FRAMEWORK_SEARCH_PATHS = (
					"$(SDKROOT)/Developer/Library/Frameworks",
					"$(inherited)",
				);
				INFOPLIST_FILE = "pebble-tutorial1Tests/Info.plist";
				LD_RUNPATH_SEARCH_PATHS = "$(inherited) @executable_path/Frameworks @loader_path/Frameworks";
				PRODUCT_NAME = "$(TARGET_NAME)";
				TEST_HOST = "$(BUILT_PRODUCTS_DIR)/pebble-tutorial1.app/pebble-tutorial1";
			};
			name = Release;
		};
/* End XCBuildConfiguration section */

/* Begin XCConfigurationList section */
		2F54FAE31C449167005AF0DB /* Build configuration list for PBXProject "pebble-tutorial1" */ = {
			isa = XCConfigurationList;
			buildConfigurations = (
				2F54FB091C449168005AF0DB /* Debug */,
				2F54FB0A1C449168005AF0DB /* Release */,
			);
			defaultConfigurationIsVisible = 0;
			defaultConfigurationName = Release;
		};
		2F54FB0B1C449168005AF0DB /* Build configuration list for PBXNativeTarget "pebble-tutorial1" */ = {
			isa = XCConfigurationList;
			buildConfigurations = (
				2F54FB0C1C449168005AF0DB /* Debug */,
				2F54FB0D1C449168005AF0DB /* Release */,
			);
			defaultConfigurationIsVisible = 0;
		};
		2F54FB0E1C449168005AF0DB /* Build configuration list for PBXNativeTarget "pebble-tutorial1Tests" */ = {
			isa = XCConfigurationList;
			buildConfigurations = (
				2F54FB0F1C449168005AF0DB /* Debug */,
				2F54FB101C449168005AF0DB /* Release */,
			);
			defaultConfigurationIsVisible = 0;
		};
/* End XCConfigurationList section */
	};
	rootObject = 2F54FAE01C449167005AF0DB /* Project object */;
}
